// !$*UTF8*$!
{
	archiveVersion = 1;
	classes = {
	};
	objectVersion = 50;
	objects = {

/* Begin PBXBuildFile section */
		3FF470C224D48EDB00A89973 /* main.cpp in Sources */ = {isa = PBXBuildFile; fileRef = 3FF470C124D48EDB00A89973 /* main.cpp */; };
		3FF470C924D48EF100A89973 /* chapter1.cpp in Sources */ = {isa = PBXBuildFile; fileRef = 3FF470C824D48EF100A89973 /* chapter1.cpp */; };
		3FF470CC24D5884000A89973 /* chapter2.cpp in Sources */ = {isa = PBXBuildFile; fileRef = 3FF470CA24D5884000A89973 /* chapter2.cpp */; };
		3FF470CF24D5E10B00A89973 /* chapter3.cpp in Sources */ = {isa = PBXBuildFile; fileRef = 3FF470CD24D5E10B00A89973 /* chapter3.cpp */; };
		3FF470D224D5FA0600A89973 /* bitwise_tutorial.cpp in Sources */ = {isa = PBXBuildFile; fileRef = 3FF470D024D5FA0600A89973 /* bitwise_tutorial.cpp */; };
/* End PBXBuildFile section */

/* Begin PBXCopyFilesBuildPhase section */
		3FF470BC24D48EDB00A89973 /* CopyFiles */ = {
			isa = PBXCopyFilesBuildPhase;
			buildActionMask = 2147483647;
			dstPath = /usr/share/man/man1/;
			dstSubfolderSpec = 0;
			files = (
			);
			runOnlyForDeploymentPostprocessing = 1;
		};
/* End PBXCopyFilesBuildPhase section */

/* Begin PBXFileReference section */
		3FF470BE24D48EDB00A89973 /* LearnCPP */ = {isa = PBXFileReference; explicitFileType = "compiled.mach-o.executable"; includeInIndex = 0; path = LearnCPP; sourceTree = BUILT_PRODUCTS_DIR; };
		3FF470C124D48EDB00A89973 /* main.cpp */ = {isa = PBXFileReference; lastKnownFileType = sourcecode.cpp.cpp; path = main.cpp; sourceTree = "<group>"; };
		3FF470C824D48EF100A89973 /* chapter1.cpp */ = {isa = PBXFileReference; lastKnownFileType = sourcecode.cpp.cpp; path = chapter1.cpp; sourceTree = "<group>"; };
		3FF470CA24D5884000A89973 /* chapter2.cpp */ = {isa = PBXFileReference; lastKnownFileType = sourcecode.cpp.cpp; path = chapter2.cpp; sourceTree = "<group>"; };
		3FF470CB24D5884000A89973 /* chapter2.hpp */ = {isa = PBXFileReference; lastKnownFileType = sourcecode.cpp.h; path = chapter2.hpp; sourceTree = "<group>"; };
		3FF470CD24D5E10B00A89973 /* chapter3.cpp */ = {isa = PBXFileReference; lastKnownFileType = sourcecode.cpp.cpp; path = chapter3.cpp; sourceTree = "<group>"; };
		3FF470CE24D5E10B00A89973 /* chapter3.hpp */ = {isa = PBXFileReference; lastKnownFileType = sourcecode.cpp.h; path = chapter3.hpp; sourceTree = "<group>"; };
		3FF470D024D5FA0600A89973 /* bitwise_tutorial.cpp */ = {isa = PBXFileReference; lastKnownFileType = sourcecode.cpp.cpp; path = bitwise_tutorial.cpp; sourceTree = "<group>"; };
		3FF470D124D5FA0600A89973 /* bitwise_tutorial.hpp */ = {isa = PBXFileReference; lastKnownFileType = sourcecode.cpp.h; path = bitwise_tutorial.hpp; sourceTree = "<group>"; };
/* End PBXFileReference section */

/* Begin PBXFrameworksBuildPhase section */
		3FF470BB24D48EDB00A89973 /* Frameworks */ = {
			isa = PBXFrameworksBuildPhase;
			buildActionMask = 2147483647;
			files = (
			);
			runOnlyForDeploymentPostprocessing = 0;
		};
/* End PBXFrameworksBuildPhase section */

/* Begin PBXGroup section */
		3FF470B524D48EDB00A89973 = {
			isa = PBXGroup;
			children = (
				3FF470C024D48EDB00A89973 /* LearnCPP */,
				3FF470BF24D48EDB00A89973 /* Products */,
			);
			sourceTree = "<group>";
		};
		3FF470BF24D48EDB00A89973 /* Products */ = {
			isa = PBXGroup;
			children = (
				3FF470BE24D48EDB00A89973 /* LearnCPP */,
			);
			name = Products;
			sourceTree = "<group>";
		};
		3FF470C024D48EDB00A89973 /* LearnCPP */ = {
			isa = PBXGroup;
			children = (
				3FF470C124D48EDB00A89973 /* main.cpp */,
				3FF470C824D48EF100A89973 /* chapter1.cpp */,
				3FF470CA24D5884000A89973 /* chapter2.cpp */,
				3FF470CB24D5884000A89973 /* chapter2.hpp */,
				3FF470CD24D5E10B00A89973 /* chapter3.cpp */,
				3FF470CE24D5E10B00A89973 /* chapter3.hpp */,
				3FF470D024D5FA0600A89973 /* bitwise_tutorial.cpp */,
				3FF470D124D5FA0600A89973 /* bitwise_tutorial.hpp */,
			);
			path = LearnCPP;
			sourceTree = "<group>";
		};
/* End PBXGroup section */

/* Begin PBXNativeTarget section */
		3FF470BD24D48EDB00A89973 /* LearnCPP */ = {
			isa = PBXNativeTarget;
			buildConfigurationList = 3FF470C524D48EDB00A89973 /* Build configuration list for PBXNativeTarget "LearnCPP" */;
			buildPhases = (
				3FF470BA24D48EDB00A89973 /* Sources */,
				3FF470BB24D48EDB00A89973 /* Frameworks */,
				3FF470BC24D48EDB00A89973 /* CopyFiles */,
			);
			buildRules = (
			);
			dependencies = (
			);
			name = LearnCPP;
			productName = LearnCPP;
			productReference = 3FF470BE24D48EDB00A89973 /* LearnCPP */;
			productType = "com.apple.product-type.tool";
		};
/* End PBXNativeTarget section */

/* Begin PBXProject section */
		3FF470B624D48EDB00A89973 /* Project object */ = {
			isa = PBXProject;
			attributes = {
				LastUpgradeCheck = 1160;
				ORGANIZATIONNAME = BDS;
				TargetAttributes = {
					3FF470BD24D48EDB00A89973 = {
						CreatedOnToolsVersion = 11.6;
					};
				};
			};
			buildConfigurationList = 3FF470B924D48EDB00A89973 /* Build configuration list for PBXProject "LearnCPP" */;
			compatibilityVersion = "Xcode 9.3";
			developmentRegion = en;
			hasScannedForEncodings = 0;
			knownRegions = (
				en,
				Base,
			);
			mainGroup = 3FF470B524D48EDB00A89973;
			productRefGroup = 3FF470BF24D48EDB00A89973 /* Products */;
			projectDirPath = "";
			projectRoot = "";
			targets = (
				3FF470BD24D48EDB00A89973 /* LearnCPP */,
			);
		};
/* End PBXProject section */

/* Begin PBXSourcesBuildPhase section */
		3FF470BA24D48EDB00A89973 /* Sources */ = {
			isa = PBXSourcesBuildPhase;
			buildActionMask = 2147483647;
			files = (
				3FF470C224D48EDB00A89973 /* main.cpp in Sources */,
				3FF470CC24D5884000A89973 /* chapter2.cpp in Sources */,
				3FF470C924D48EF100A89973 /* chapter1.cpp in Sources */,
				3FF470CF24D5E10B00A89973 /* chapter3.cpp in Sources */,
				3FF470D224D5FA0600A89973 /* bitwise_tutorial.cpp in Sources */,
			);
			runOnlyForDeploymentPostprocessing = 0;
		};
/* End PBXSourcesBuildPhase section */

/* Begin XCBuildConfiguration section */
		3FF470C324D48EDB00A89973 /* Debug */ = {
			isa = XCBuildConfiguration;
			buildSettings = {
				ALWAYS_SEARCH_USER_PATHS = NO;
				CLANG_ANALYZER_NONNULL = YES;
				CLANG_ANALYZER_NUMBER_OBJECT_CONVERSION = YES_AGGRESSIVE;
				CLANG_CXX_LANGUAGE_STANDARD = "c++17";
				CLANG_CXX_LIBRARY = "libc++";
				CLANG_ENABLE_MODULES = YES;
				CLANG_ENABLE_OBJC_ARC = YES;
				CLANG_ENABLE_OBJC_WEAK = YES;
				CLANG_WARN_BLOCK_CAPTURE_AUTORELEASING = YES;
				CLANG_WARN_BOOL_CONVERSION = YES;
				CLANG_WARN_COMMA = YES;
				CLANG_WARN_CONSTANT_CONVERSION = YES;
				CLANG_WARN_DEPRECATED_OBJC_IMPLEMENTATIONS = YES;
				CLANG_WARN_DIRECT_OBJC_ISA_USAGE = YES_ERROR;
				CLANG_WARN_DOCUMENTATION_COMMENTS = YES;
				CLANG_WARN_EMPTY_BODY = YES;
				CLANG_WARN_ENUM_CONVERSION = YES;
				CLANG_WARN_INFINITE_RECURSION = YES;
				CLANG_WARN_INT_CONVERSION = YES;
				CLANG_WARN_NON_LITERAL_NULL_CONVERSION = YES;
				CLANG_WARN_OBJC_IMPLICIT_RETAIN_SELF = YES;
				CLANG_WARN_OBJC_LITERAL_CONVERSION = YES;
				CLANG_WARN_OBJC_ROOT_CLASS = YES_ERROR;
				CLANG_WARN_RANGE_LOOP_ANALYSIS = YES;
				CLANG_WARN_STRICT_PROTOTYPES = YES;
				CLANG_WARN_SUSPICIOUS_MOVE = YES;
				CLANG_WARN_UNGUARDED_AVAILABILITY = YES_AGGRESSIVE;
				CLANG_WARN_UNREACHABLE_CODE = YES;
				CLANG_WARN__DUPLICATE_METHOD_MATCH = YES;
				COPY_PHASE_STRIP = NO;
				DEBUG_INFORMATION_FORMAT = dwarf;
				ENABLE_STRICT_OBJC_MSGSEND = YES;
				ENABLE_TESTABILITY = YES;
				GCC_C_LANGUAGE_STANDARD = gnu11;
				GCC_DYNAMIC_NO_PIC = NO;
				GCC_NO_COMMON_BLOCKS = YES;
				GCC_OPTIMIZATION_LEVEL = 0;
				GCC_PREPROCESSOR_DEFINITIONS = (
					"DEBUG=1",
					"$(inherited)",
				);
				GCC_WARN_64_TO_32_BIT_CONVERSION = YES;
				GCC_WARN_ABOUT_RETURN_TYPE = YES_ERROR;
				GCC_WARN_UNDECLARED_SELECTOR = YES;
				GCC_WARN_UNINITIALIZED_AUTOS = YES_AGGRESSIVE;
				GCC_WARN_UNUSED_FUNCTION = YES;
				GCC_WARN_UNUSED_VARIABLE = YES;
				MACOSX_DEPLOYMENT_TARGET = 10.15;
				MTL_ENABLE_DEBUG_INFO = INCLUDE_SOURCE;
				MTL_FAST_MATH = YES;
				ONLY_ACTIVE_ARCH = YES;
				SDKROOT = macosx;
			};
			name = Debug;
		};
		3FF470C424D48EDB00A89973 /* Release */ = {
			isa = XCBuildConfiguration;
			buildSettings = {
				ALWAYS_SEARCH_USER_PATHS = NO;
				CLANG_ANALYZER_NONNULL = YES;
				CLANG_ANALYZER_NUMBER_OBJECT_CONVERSION = YES_AGGRESSIVE;
				CLANG_CXX_LANGUAGE_STANDARD = "c++17";
				CLANG_CXX_LIBRARY = "libc++";
				CLANG_ENABLE_MODULES = YES;
				CLANG_ENABLE_OBJC_ARC = YES;
				CLANG_ENABLE_OBJC_WEAK = YES;
				CLANG_WARN_BLOCK_CAPTURE_AUTORELEASING = YES;
				CLANG_WARN_BOOL_CONVERSION = YES;
				CLANG_WARN_COMMA = YES;
				CLANG_WARN_CONSTANT_CONVERSION = YES;
				CLANG_WARN_DEPRECATED_OBJC_IMPLEMENTATIONS = YES;
				CLANG_WARN_DIRECT_OBJC_ISA_USAGE = YES_ERROR;
				CLANG_WARN_DOCUMENTATION_COMMENTS = YES;
				CLANG_WARN_EMPTY_BODY = YES;
				CLANG_WARN_ENUM_CONVERSION = YES;
				CLANG_WARN_INFINITE_RECURSION = YES;
				CLANG_WARN_INT_CONVERSION = YES;
				CLANG_WARN_NON_LITERAL_NULL_CONVERSION = YES;
				CLANG_WARN_OBJC_IMPLICIT_RETAIN_SELF = YES;
				CLANG_WARN_OBJC_LITERAL_CONVERSION = YES;
				CLANG_WARN_OBJC_ROOT_CLASS = YES_ERROR;
				CLANG_WARN_RANGE_LOOP_ANALYSIS = YES;
				CLANG_WARN_STRICT_PROTOTYPES = YES;
				CLANG_WARN_SUSPICIOUS_MOVE = YES;
				CLANG_WARN_UNGUARDED_AVAILABILITY = YES_AGGRESSIVE;
				CLANG_WARN_UNREACHABLE_CODE = YES;
				CLANG_WARN__DUPLICATE_METHOD_MATCH = YES;
				COPY_PHASE_STRIP = NO;
				DEBUG_INFORMATION_FORMAT = "dwarf-with-dsym";
				ENABLE_NS_ASSERTIONS = NO;
				ENABLE_STRICT_OBJC_MSGSEND = YES;
				GCC_C_LANGUAGE_STANDARD = gnu11;
				GCC_NO_COMMON_BLOCKS = YES;
				GCC_WARN_64_TO_32_BIT_CONVERSION = YES;
				GCC_WARN_ABOUT_RETURN_TYPE = YES_ERROR;
				GCC_WARN_UNDECLARED_SELECTOR = YES;
				GCC_WARN_UNINITIALIZED_AUTOS = YES_AGGRESSIVE;
				GCC_WARN_UNUSED_FUNCTION = YES;
				GCC_WARN_UNUSED_VARIABLE = YES;
				MACOSX_DEPLOYMENT_TARGET = 10.15;
				MTL_ENABLE_DEBUG_INFO = NO;
				MTL_FAST_MATH = YES;
				SDKROOT = macosx;
			};
			name = Release;
		};
		3FF470C624D48EDB00A89973 /* Debug */ = {
			isa = XCBuildConfiguration;
			buildSettings = {
				CODE_SIGN_STYLE = Automatic;
				DEVELOPMENT_TEAM = 8D68W6F9FQ;
				ENABLE_HARDENED_RUNTIME = YES;
				PRODUCT_NAME = "$(TARGET_NAME)";
			};
			name = Debug;
		};
		3FF470C724D48EDB00A89973 /* Release */ = {
			isa = XCBuildConfiguration;
			buildSettings = {
				CODE_SIGN_STYLE = Automatic;
				DEVELOPMENT_TEAM = 8D68W6F9FQ;
				ENABLE_HARDENED_RUNTIME = YES;
				PRODUCT_NAME = "$(TARGET_NAME)";
			};
			name = Release;
		};
/* End XCBuildConfiguration section */

/* Begin XCConfigurationList section */
		3FF470B924D48EDB00A89973 /* Build configuration list for PBXProject "LearnCPP" */ = {
			isa = XCConfigurationList;
			buildConfigurations = (
				3FF470C324D48EDB00A89973 /* Debug */,
				3FF470C424D48EDB00A89973 /* Release */,
			);
			defaultConfigurationIsVisible = 0;
			defaultConfigurationName = Release;
		};
		3FF470C524D48EDB00A89973 /* Build configuration list for PBXNativeTarget "LearnCPP" */ = {
			isa = XCConfigurationList;
			buildConfigurations = (
				3FF470C624D48EDB00A89973 /* Debug */,
				3FF470C724D48EDB00A89973 /* Release */,
			);
			defaultConfigurationIsVisible = 0;
			defaultConfigurationName = Release;
		};
/* End XCConfigurationList section */
	};
	rootObject = 3FF470B624D48EDB00A89973 /* Project object */;
}
